
Microsoft Visual Studio Solution File, Format Version 12.00
# Visual Studio Version 17
VisualStudioVersion = 17.12.35309.182
MinimumVisualStudioVersion = 10.0.40219.1
Project("{FAE04EC0-301F-11D3-BF4B-00C04F79EFBC}") = "CSCI213 DogAdoptionApp", "CSCI213 DogAdoptionApp.csproj", "{FB14642C-87B1-4CCF-8458-3D9E27B56172}"
EndProject
Global
	GlobalSection(SolutionConfigurationPlatforms) = preSolution
		Debug|Any CPU = Debug|Any CPU
		Release|Any CPU = Release|Any CPU
	EndGlobalSection
	GlobalSection(ProjectConfigurationPlatforms) = postSolution
		{FB14642C-87B1-4CCF-8458-3D9E27B56172}.Debug|Any CPU.ActiveCfg = Debug|Any CPU
		{FB14642C-87B1-4CCF-8458-3D9E27B56172}.Debug|Any CPU.Build.0 = Debug|Any CPU
		{FB14642C-87B1-4CCF-8458-3D9E27B56172}.Release|Any CPU.ActiveCfg = Release|Any CPU
		{FB14642C-87B1-4CCF-8458-3D9E27B56172}.Release|Any CPU.Build.0 = Release|Any CPU
	EndGlobalSection
	GlobalSection(SolutionProperties) = preSolution
		HideSolutionNode = FALSE
	EndGlobalSection
	GlobalSection(ExtensibilityGlobals) = postSolution
		SolutionGuid = {45FD9353-163B-4910-BFD2-D1A91946454F}
	EndGlobalSection
EndGlobal
